
Microsoft Visual Studio Solution File, Format Version 12.00
# Visual Studio Version 17
VisualStudioVersion = 17.8.34525.116
MinimumVisualStudioVersion = 10.0.40219.1
Project("{FAE04EC0-301F-11D3-BF4B-00C04F79EFBC}") = "Week8EpicGame", "Week8EpicGame\Week8EpicGame.csproj", "{A3C0E19D-26C0-4DBD-ACB9-375E79496F4B}"
EndProject
Global
	GlobalSection(SolutionConfigurationPlatforms) = preSolution
		Debug|Any CPU = Debug|Any CPU
		Release|Any CPU = Release|Any CPU
	EndGlobalSection
	GlobalSection(ProjectConfigurationPlatforms) = postSolution
		{A3C0E19D-26C0-4DBD-ACB9-375E79496F4B}.Debug|Any CPU.ActiveCfg = Debug|Any CPU
		{A3C0E19D-26C0-4DBD-ACB9-375E79496F4B}.Debug|Any CPU.Build.0 = Debug|Any CPU
		{A3C0E19D-26C0-4DBD-ACB9-375E79496F4B}.Release|Any CPU.ActiveCfg = Release|Any CPU
		{A3C0E19D-26C0-4DBD-ACB9-375E79496F4B}.Release|Any CPU.Build.0 = Release|Any CPU
	EndGlobalSection
	GlobalSection(SolutionProperties) = preSolution
		HideSolutionNode = FALSE
	EndGlobalSection
	GlobalSection(ExtensibilityGlobals) = postSolution
		SolutionGuid = {15EBCFCC-F011-492C-9378-DDE1982840F2}
	EndGlobalSection
EndGlobal
